
Microsoft Visual Studio Solution File, Format Version 12.00
# Visual Studio Version 16
VisualStudioVersion = 16.0.28803.202
MinimumVisualStudioVersion = 10.0.40219.1
Project("{FAE04EC0-301F-11D3-BF4B-00C04F79EFBC}") = "AGLizinq", "Lizinq Muqavile\AGLizinq.csproj", "{5371A411-6A96-4AF3-B27C-776EE1D9554F}"
EndProject
Global
	GlobalSection(SolutionConfigurationPlatforms) = preSolution
		Debug|Any CPU = Debug|Any CPU
		Debug|x86 = Debug|x86
		Release|Any CPU = Release|Any CPU
		Release|x86 = Release|x86
	EndGlobalSection
	GlobalSection(ProjectConfigurationPlatforms) = postSolution
		{5371A411-6A96-4AF3-B27C-776EE1D9554F}.Debug|Any CPU.ActiveCfg = Debug|Any CPU
		{5371A411-6A96-4AF3-B27C-776EE1D9554F}.Debug|Any CPU.Build.0 = Debug|Any CPU
		{5371A411-6A96-4AF3-B27C-776EE1D9554F}.Debug|x86.ActiveCfg = Debug|Any CPU
		{5371A411-6A96-4AF3-B27C-776EE1D9554F}.Debug|x86.Build.0 = Debug|Any CPU
		{5371A411-6A96-4AF3-B27C-776EE1D9554F}.Release|Any CPU.ActiveCfg = Debug|Any CPU
		{5371A411-6A96-4AF3-B27C-776EE1D9554F}.Release|Any CPU.Build.0 = Debug|Any CPU
		{5371A411-6A96-4AF3-B27C-776EE1D9554F}.Release|x86.ActiveCfg = Debug|Any CPU
		{5371A411-6A96-4AF3-B27C-776EE1D9554F}.Release|x86.Build.0 = Debug|Any CPU
	EndGlobalSection
	GlobalSection(SolutionProperties) = preSolution
		HideSolutionNode = FALSE
	EndGlobalSection
	GlobalSection(ExtensibilityGlobals) = postSolution
		SolutionGuid = {B2E97D90-A9C4-4779-9859-D62BC7F7C710}
	EndGlobalSection
EndGlobal
